// !$*UTF8*$!
{
	archiveVersion = 1;
	classes = {
	};
	objectVersion = 56;
	objects = {

/* Begin PBXBuildFile section */
		5E7903B92D50B78A00BE46A0 /* AppDelegate.swift in Sources */ = {isa = PBXBuildFile; fileRef = 5E7903B82D50B78A00BE46A0 /* AppDelegate.swift */; };
		5E7903BB2D50B78A00BE46A0 /* SceneDelegate.swift in Sources */ = {isa = PBXBuildFile; fileRef = 5E7903BA2D50B78A00BE46A0 /* SceneDelegate.swift */; };
		5E7903BD2D50B78A00BE46A0 /* ViewController.swift in Sources */ = {isa = PBXBuildFile; fileRef = 5E7903BC2D50B78A00BE46A0 /* ViewController.swift */; };
		5E7903C02D50B78A00BE46A0 /* Main.storyboard in Resources */ = {isa = PBXBuildFile; fileRef = 5E7903BE2D50B78A00BE46A0 /* Main.storyboard */; };
		5E7903C22D50B78C00BE46A0 /* Assets.xcassets in Resources */ = {isa = PBXBuildFile; fileRef = 5E7903C12D50B78C00BE46A0 /* Assets.xcassets */; };
		5E7903C52D50B78C00BE46A0 /* LaunchScreen.storyboard in Resources */ = {isa = PBXBuildFile; fileRef = 5E7903C32D50B78C00BE46A0 /* LaunchScreen.storyboard */; };
		5E7903CD2D50BEF100BE46A0 /* WeatherViewController.swift in Sources */ = {isa = PBXBuildFile; fileRef = 5E7903CC2D50BEF100BE46A0 /* WeatherViewController.swift */; };
		5E7903D02D50BF4F00BE46A0 /* SnapKit in Frameworks */ = {isa = PBXBuildFile; productRef = 5E7903CF2D50BF4F00BE46A0 /* SnapKit */; };
		5E7903D22D510A9600BE46A0 /* weather.swift in Sources */ = {isa = PBXBuildFile; fileRef = 5E7903D12D510A9600BE46A0 /* weather.swift */; };
		5E7903D52D510D7D00BE46A0 /* Alamofire in Frameworks */ = {isa = PBXBuildFile; productRef = 5E7903D42D510D7D00BE46A0 /* Alamofire */; };
		5E7903DB2D510ED100BE46A0 /* .gitignore in Resources */ = {isa = PBXBuildFile; fileRef = 5E7903DA2D510ED100BE46A0 /* .gitignore */; };
/* End PBXBuildFile section */

/* Begin PBXFileReference section */
		5E7903B52D50B78A00BE46A0 /* SeSacHW23.app */ = {isa = PBXFileReference; explicitFileType = wrapper.application; includeInIndex = 0; path = SeSacHW23.app; sourceTree = BUILT_PRODUCTS_DIR; };
		5E7903B82D50B78A00BE46A0 /* AppDelegate.swift */ = {isa = PBXFileReference; lastKnownFileType = sourcecode.swift; path = AppDelegate.swift; sourceTree = "<group>"; };
		5E7903BA2D50B78A00BE46A0 /* SceneDelegate.swift */ = {isa = PBXFileReference; lastKnownFileType = sourcecode.swift; path = SceneDelegate.swift; sourceTree = "<group>"; };
		5E7903BC2D50B78A00BE46A0 /* ViewController.swift */ = {isa = PBXFileReference; lastKnownFileType = sourcecode.swift; path = ViewController.swift; sourceTree = "<group>"; };
		5E7903BF2D50B78A00BE46A0 /* Base */ = {isa = PBXFileReference; lastKnownFileType = file.storyboard; name = Base; path = Base.lproj/Main.storyboard; sourceTree = "<group>"; };
		5E7903C12D50B78C00BE46A0 /* Assets.xcassets */ = {isa = PBXFileReference; lastKnownFileType = folder.assetcatalog; path = Assets.xcassets; sourceTree = "<group>"; };
		5E7903C42D50B78C00BE46A0 /* Base */ = {isa = PBXFileReference; lastKnownFileType = file.storyboard; name = Base; path = Base.lproj/LaunchScreen.storyboard; sourceTree = "<group>"; };
		5E7903C62D50B78C00BE46A0 /* Info.plist */ = {isa = PBXFileReference; lastKnownFileType = text.plist.xml; path = Info.plist; sourceTree = "<group>"; };
		5E7903CC2D50BEF100BE46A0 /* WeatherViewController.swift */ = {isa = PBXFileReference; lastKnownFileType = sourcecode.swift; path = WeatherViewController.swift; sourceTree = "<group>"; };
		5E7903D12D510A9600BE46A0 /* weather.swift */ = {isa = PBXFileReference; lastKnownFileType = sourcecode.swift; path = weather.swift; sourceTree = "<group>"; };
		5E7903DA2D510ED100BE46A0 /* .gitignore */ = {isa = PBXFileReference; lastKnownFileType = text; path = .gitignore; sourceTree = "<group>"; };
/* End PBXFileReference section */

/* Begin PBXFrameworksBuildPhase section */
		5E7903B22D50B78A00BE46A0 /* Frameworks */ = {
			isa = PBXFrameworksBuildPhase;
			buildActionMask = 2147483647;
			files = (
				5E7903D02D50BF4F00BE46A0 /* SnapKit in Frameworks */,
				5E7903D52D510D7D00BE46A0 /* Alamofire in Frameworks */,
			);
			runOnlyForDeploymentPostprocessing = 0;
		};
/* End PBXFrameworksBuildPhase section */

/* Begin PBXGroup section */
		5E7903AC2D50B78A00BE46A0 = {
			isa = PBXGroup;
			children = (
				5E7903DA2D510ED100BE46A0 /* .gitignore */,
				5E7903B72D50B78A00BE46A0 /* SeSacHW23 */,
				5E7903B62D50B78A00BE46A0 /* Products */,
			);
			sourceTree = "<group>";
		};
		5E7903B62D50B78A00BE46A0 /* Products */ = {
			isa = PBXGroup;
			children = (
				5E7903B52D50B78A00BE46A0 /* SeSacHW23.app */,
			);
			name = Products;
			sourceTree = "<group>";
		};
		5E7903B72D50B78A00BE46A0 /* SeSacHW23 */ = {
			isa = PBXGroup;
			children = (
				5E7903B82D50B78A00BE46A0 /* AppDelegate.swift */,
				5E7903BA2D50B78A00BE46A0 /* SceneDelegate.swift */,
				5E7903BC2D50B78A00BE46A0 /* ViewController.swift */,
				5E7903BE2D50B78A00BE46A0 /* Main.storyboard */,
				5E7903C12D50B78C00BE46A0 /* Assets.xcassets */,
				5E7903C32D50B78C00BE46A0 /* LaunchScreen.storyboard */,
				5E7903C62D50B78C00BE46A0 /* Info.plist */,
				5E7903CC2D50BEF100BE46A0 /* WeatherViewController.swift */,
				5E7903D12D510A9600BE46A0 /* weather.swift */,
			);
			path = SeSacHW23;
			sourceTree = "<group>";
		};
/* End PBXGroup section */

/* Begin PBXNativeTarget section */
		5E7903B42D50B78A00BE46A0 /* SeSacHW23 */ = {
			isa = PBXNativeTarget;
			buildConfigurationList = 5E7903C92D50B78C00BE46A0 /* Build configuration list for PBXNativeTarget "SeSacHW23" */;
			buildPhases = (
				5E7903B12D50B78A00BE46A0 /* Sources */,
				5E7903B22D50B78A00BE46A0 /* Frameworks */,
				5E7903B32D50B78A00BE46A0 /* Resources */,
			);
			buildRules = (
			);
			dependencies = (
			);
			name = SeSacHW23;
			packageProductDependencies = (
				5E7903CF2D50BF4F00BE46A0 /* SnapKit */,
				5E7903D42D510D7D00BE46A0 /* Alamofire */,
			);
			productName = SeSacHW23;
			productReference = 5E7903B52D50B78A00BE46A0 /* SeSacHW23.app */;
			productType = "com.apple.product-type.application";
		};
/* End PBXNativeTarget section */

/* Begin PBXProject section */
		5E7903AD2D50B78A00BE46A0 /* Project object */ = {
			isa = PBXProject;
			attributes = {
				BuildIndependentTargetsInParallel = 1;
				LastSwiftUpdateCheck = 1520;
				LastUpgradeCheck = 1520;
				TargetAttributes = {
					5E7903B42D50B78A00BE46A0 = {
						CreatedOnToolsVersion = 15.2;
					};
				};
			};
			buildConfigurationList = 5E7903B02D50B78A00BE46A0 /* Build configuration list for PBXProject "SeSacHW23" */;
			compatibilityVersion = "Xcode 14.0";
			developmentRegion = en;
			hasScannedForEncodings = 0;
			knownRegions = (
				en,
				Base,
			);
			mainGroup = 5E7903AC2D50B78A00BE46A0;
			packageReferences = (
				5E7903CE2D50BF4F00BE46A0 /* XCRemoteSwiftPackageReference "SnapKit" */,
				5E7903D32D510D7D00BE46A0 /* XCRemoteSwiftPackageReference "Alamofire" */,
			);
			productRefGroup = 5E7903B62D50B78A00BE46A0 /* Products */;
			projectDirPath = "";
			projectRoot = "";
			targets = (
				5E7903B42D50B78A00BE46A0 /* SeSacHW23 */,
			);
		};
/* End PBXProject section */

/* Begin PBXResourcesBuildPhase section */
		5E7903B32D50B78A00BE46A0 /* Resources */ = {
			isa = PBXResourcesBuildPhase;
			buildActionMask = 2147483647;
			files = (
				5E7903DB2D510ED100BE46A0 /* .gitignore in Resources */,
				5E7903C52D50B78C00BE46A0 /* LaunchScreen.storyboard in Resources */,
				5E7903C22D50B78C00BE46A0 /* Assets.xcassets in Resources */,
				5E7903C02D50B78A00BE46A0 /* Main.storyboard in Resources */,
			);
			runOnlyForDeploymentPostprocessing = 0;
		};
/* End PBXResourcesBuildPhase section */

/* Begin PBXSourcesBuildPhase section */
		5E7903B12D50B78A00BE46A0 /* Sources */ = {
			isa = PBXSourcesBuildPhase;
			buildActionMask = 2147483647;
			files = (
				5E7903D22D510A9600BE46A0 /* weather.swift in Sources */,
				5E7903BD2D50B78A00BE46A0 /* ViewController.swift in Sources */,
				5E7903CD2D50BEF100BE46A0 /* WeatherViewController.swift in Sources */,
				5E7903B92D50B78A00BE46A0 /* AppDelegate.swift in Sources */,
				5E7903BB2D50B78A00BE46A0 /* SceneDelegate.swift in Sources */,
			);
			runOnlyForDeploymentPostprocessing = 0;
		};
/* End PBXSourcesBuildPhase section */

/* Begin PBXVariantGroup section */
		5E7903BE2D50B78A00BE46A0 /* Main.storyboard */ = {
			isa = PBXVariantGroup;
			children = (
				5E7903BF2D50B78A00BE46A0 /* Base */,
			);
			name = Main.storyboard;
			sourceTree = "<group>";
		};
		5E7903C32D50B78C00BE46A0 /* LaunchScreen.storyboard */ = {
			isa = PBXVariantGroup;
			children = (
				5E7903C42D50B78C00BE46A0 /* Base */,
			);
			name = LaunchScreen.storyboard;
			sourceTree = "<group>";
		};
/* End PBXVariantGroup section */

/* Begin XCBuildConfiguration section */
		5E7903C72D50B78C00BE46A0 /* Debug */ = {
			isa = XCBuildConfiguration;
			buildSettings = {
				ALWAYS_SEARCH_USER_PATHS = NO;
				ASSETCATALOG_COMPILER_GENERATE_SWIFT_ASSET_SYMBOL_EXTENSIONS = YES;
				CLANG_ANALYZER_NONNULL = YES;
				CLANG_ANALYZER_NUMBER_OBJECT_CONVERSION = YES_AGGRESSIVE;
				CLANG_CXX_LANGUAGE_STANDARD = "gnu++20";
				CLANG_ENABLE_MODULES = YES;
				CLANG_ENABLE_OBJC_ARC = YES;
				CLANG_ENABLE_OBJC_WEAK = YES;
				CLANG_WARN_BLOCK_CAPTURE_AUTORELEASING = YES;
				CLANG_WARN_BOOL_CONVERSION = YES;
				CLANG_WARN_COMMA = YES;
				CLANG_WARN_CONSTANT_CONVERSION = YES;
				CLANG_WARN_DEPRECATED_OBJC_IMPLEMENTATIONS = YES;
				CLANG_WARN_DIRECT_OBJC_ISA_USAGE = YES_ERROR;
				CLANG_WARN_DOCUMENTATION_COMMENTS = YES;
				CLANG_WARN_EMPTY_BODY = YES;
				CLANG_WARN_ENUM_CONVERSION = YES;
				CLANG_WARN_INFINITE_RECURSION = YES;
				CLANG_WARN_INT_CONVERSION = YES;
				CLANG_WARN_NON_LITERAL_NULL_CONVERSION = YES;
				CLANG_WARN_OBJC_IMPLICIT_RETAIN_SELF = YES;
				CLANG_WARN_OBJC_LITERAL_CONVERSION = YES;
				CLANG_WARN_OBJC_ROOT_CLASS = YES_ERROR;
				CLANG_WARN_QUOTED_INCLUDE_IN_FRAMEWORK_HEADER = YES;
				CLANG_WARN_RANGE_LOOP_ANALYSIS = YES;
				CLANG_WARN_STRICT_PROTOTYPES = YES;
				CLANG_WARN_SUSPICIOUS_MOVE = YES;
				CLANG_WARN_UNGUARDED_AVAILABILITY = YES_AGGRESSIVE;
				CLANG_WARN_UNREACHABLE_CODE = YES;
				CLANG_WARN__DUPLICATE_METHOD_MATCH = YES;
				COPY_PHASE_STRIP = NO;
				DEBUG_INFORMATION_FORMAT = dwarf;
				ENABLE_STRICT_OBJC_MSGSEND = YES;
				ENABLE_TESTABILITY = YES;
				ENABLE_USER_SCRIPT_SANDBOXING = YES;
				GCC_C_LANGUAGE_STANDARD = gnu17;
				GCC_DYNAMIC_NO_PIC = NO;
				GCC_NO_COMMON_BLOCKS = YES;
				GCC_OPTIMIZATION_LEVEL = 0;
				GCC_PREPROCESSOR_DEFINITIONS = (
					"DEBUG=1",
					"$(inherited)",
				);
				GCC_WARN_64_TO_32_BIT_CONVERSION = YES;
				GCC_WARN_ABOUT_RETURN_TYPE = YES_ERROR;
				GCC_WARN_UNDECLARED_SELECTOR = YES;
				GCC_WARN_UNINITIALIZED_AUTOS = YES_AGGRESSIVE;
				GCC_WARN_UNUSED_FUNCTION = YES;
				GCC_WARN_UNUSED_VARIABLE = YES;
				IPHONEOS_DEPLOYMENT_TARGET = 17.2;
				LOCALIZATION_PREFERS_STRING_CATALOGS = YES;
				MTL_ENABLE_DEBUG_INFO = INCLUDE_SOURCE;
				MTL_FAST_MATH = YES;
				ONLY_ACTIVE_ARCH = YES;
				SDKROOT = iphoneos;
				SWIFT_ACTIVE_COMPILATION_CONDITIONS = "DEBUG $(inherited)";
				SWIFT_OPTIMIZATION_LEVEL = "-Onone";
			};
			name = Debug;
		};
		5E7903C82D50B78C00BE46A0 /* Release */ = {
			isa = XCBuildConfiguration;
			buildSettings = {
				ALWAYS_SEARCH_USER_PATHS = NO;
				ASSETCATALOG_COMPILER_GENERATE_SWIFT_ASSET_SYMBOL_EXTENSIONS = YES;
				CLANG_ANALYZER_NONNULL = YES;
				CLANG_ANALYZER_NUMBER_OBJECT_CONVERSION = YES_AGGRESSIVE;
				CLANG_CXX_LANGUAGE_STANDARD = "gnu++20";
				CLANG_ENABLE_MODULES = YES;
				CLANG_ENABLE_OBJC_ARC = YES;
				CLANG_ENABLE_OBJC_WEAK = YES;
				CLANG_WARN_BLOCK_CAPTURE_AUTORELEASING = YES;
				CLANG_WARN_BOOL_CONVERSION = YES;
				CLANG_WARN_COMMA = YES;
				CLANG_WARN_CONSTANT_CONVERSION = YES;
				CLANG_WARN_DEPRECATED_OBJC_IMPLEMENTATIONS = YES;
				CLANG_WARN_DIRECT_OBJC_ISA_USAGE = YES_ERROR;
				CLANG_WARN_DOCUMENTATION_COMMENTS = YES;
				CLANG_WARN_EMPTY_BODY = YES;
				CLANG_WARN_ENUM_CONVERSION = YES;
				CLANG_WARN_INFINITE_RECURSION = YES;
				CLANG_WARN_INT_CONVERSION = YES;
				CLANG_WARN_NON_LITERAL_NULL_CONVERSION = YES;
				CLANG_WARN_OBJC_IMPLICIT_RETAIN_SELF = YES;
				CLANG_WARN_OBJC_LITERAL_CONVERSION = YES;
				CLANG_WARN_OBJC_ROOT_CLASS = YES_ERROR;
				CLANG_WARN_QUOTED_INCLUDE_IN_FRAMEWORK_HEADER = YES;
				CLANG_WARN_RANGE_LOOP_ANALYSIS = YES;
				CLANG_WARN_STRICT_PROTOTYPES = YES;
				CLANG_WARN_SUSPICIOUS_MOVE = YES;
				CLANG_WARN_UNGUARDED_AVAILABILITY = YES_AGGRESSIVE;
				CLANG_WARN_UNREACHABLE_CODE = YES;
				CLANG_WARN__DUPLICATE_METHOD_MATCH = YES;
				COPY_PHASE_STRIP = NO;
				DEBUG_INFORMATION_FORMAT = "dwarf-with-dsym";
				ENABLE_NS_ASSERTIONS = NO;
				ENABLE_STRICT_OBJC_MSGSEND = YES;
				ENABLE_USER_SCRIPT_SANDBOXING = YES;
				GCC_C_LANGUAGE_STANDARD = gnu17;
				GCC_NO_COMMON_BLOCKS = YES;
				GCC_WARN_64_TO_32_BIT_CONVERSION = YES;
				GCC_WARN_ABOUT_RETURN_TYPE = YES_ERROR;
				GCC_WARN_UNDECLARED_SELECTOR = YES;
				GCC_WARN_UNINITIALIZED_AUTOS = YES_AGGRESSIVE;
				GCC_WARN_UNUSED_FUNCTION = YES;
				GCC_WARN_UNUSED_VARIABLE = YES;
				IPHONEOS_DEPLOYMENT_TARGET = 17.2;
				LOCALIZATION_PREFERS_STRING_CATALOGS = YES;
				MTL_ENABLE_DEBUG_INFO = NO;
				MTL_FAST_MATH = YES;
				SDKROOT = iphoneos;
				SWIFT_COMPILATION_MODE = wholemodule;
				VALIDATE_PRODUCT = YES;
			};
			name = Release;
		};
		5E7903CA2D50B78C00BE46A0 /* Debug */ = {
			isa = XCBuildConfiguration;
			buildSettings = {
				ASSETCATALOG_COMPILER_APPICON_NAME = AppIcon;
				ASSETCATALOG_COMPILER_GLOBAL_ACCENT_COLOR_NAME = AccentColor;
				CODE_SIGN_STYLE = Automatic;
				CURRENT_PROJECT_VERSION = 1;
				DEVELOPMENT_TEAM = 7P497U47NW;
				GENERATE_INFOPLIST_FILE = YES;
				INFOPLIST_FILE = SeSacHW23/Info.plist;
				INFOPLIST_KEY_UIApplicationSupportsIndirectInputEvents = YES;
				INFOPLIST_KEY_UILaunchStoryboardName = LaunchScreen;
				INFOPLIST_KEY_UIMainStoryboardFile = Main;
				INFOPLIST_KEY_UISupportedInterfaceOrientations_iPad = "UIInterfaceOrientationPortrait UIInterfaceOrientationPortraitUpsideDown UIInterfaceOrientationLandscapeLeft UIInterfaceOrientationLandscapeRight";
				INFOPLIST_KEY_UISupportedInterfaceOrientations_iPhone = "UIInterfaceOrientationPortrait UIInterfaceOrientationLandscapeLeft UIInterfaceOrientationLandscapeRight";
				LD_RUNPATH_SEARCH_PATHS = (
					"$(inherited)",
					"@executable_path/Frameworks",
				);
				MARKETING_VERSION = 1.0;
				PRODUCT_BUNDLE_IDENTIFIER = com.hoon.SeSacHW23;
				PRODUCT_NAME = "$(TARGET_NAME)";
				SWIFT_EMIT_LOC_STRINGS = YES;
				SWIFT_VERSION = 5.0;
				TARGETED_DEVICE_FAMILY = "1,2";
			};
			name = Debug;
		};
		5E7903CB2D50B78C00BE46A0 /* Release */ = {
			isa = XCBuildConfiguration;
			buildSettings = {
				ASSETCATALOG_COMPILER_APPICON_NAME = AppIcon;
				ASSETCATALOG_COMPILER_GLOBAL_ACCENT_COLOR_NAME = AccentColor;
				CODE_SIGN_STYLE = Automatic;
				CURRENT_PROJECT_VERSION = 1;
				DEVELOPMENT_TEAM = 7P497U47NW;
				GENERATE_INFOPLIST_FILE = YES;
				INFOPLIST_FILE = SeSacHW23/Info.plist;
				INFOPLIST_KEY_UIApplicationSupportsIndirectInputEvents = YES;
				INFOPLIST_KEY_UILaunchStoryboardName = LaunchScreen;
				INFOPLIST_KEY_UIMainStoryboardFile = Main;
				INFOPLIST_KEY_UISupportedInterfaceOrientations_iPad = "UIInterfaceOrientationPortrait UIInterfaceOrientationPortraitUpsideDown UIInterfaceOrientationLandscapeLeft UIInterfaceOrientationLandscapeRight";
				INFOPLIST_KEY_UISupportedInterfaceOrientations_iPhone = "UIInterfaceOrientationPortrait UIInterfaceOrientationLandscapeLeft UIInterfaceOrientationLandscapeRight";
				LD_RUNPATH_SEARCH_PATHS = (
					"$(inherited)",
					"@executable_path/Frameworks",
				);
				MARKETING_VERSION = 1.0;
				PRODUCT_BUNDLE_IDENTIFIER = com.hoon.SeSacHW23;
				PRODUCT_NAME = "$(TARGET_NAME)";
				SWIFT_EMIT_LOC_STRINGS = YES;
				SWIFT_VERSION = 5.0;
				TARGETED_DEVICE_FAMILY = "1,2";
			};
			name = Release;
		};
/* End XCBuildConfiguration section */

/* Begin XCConfigurationList section */
		5E7903B02D50B78A00BE46A0 /* Build configuration list for PBXProject "SeSacHW23" */ = {
			isa = XCConfigurationList;
			buildConfigurations = (
				5E7903C72D50B78C00BE46A0 /* Debug */,
				5E7903C82D50B78C00BE46A0 /* Release */,
			);
			defaultConfigurationIsVisible = 0;
			defaultConfigurationName = Release;
		};
		5E7903C92D50B78C00BE46A0 /* Build configuration list for PBXNativeTarget "SeSacHW23" */ = {
			isa = XCConfigurationList;
			buildConfigurations = (
				5E7903CA2D50B78C00BE46A0 /* Debug */,
				5E7903CB2D50B78C00BE46A0 /* Release */,
			);
			defaultConfigurationIsVisible = 0;
			defaultConfigurationName = Release;
		};
/* End XCConfigurationList section */

/* Begin XCRemoteSwiftPackageReference section */
		5E7903CE2D50BF4F00BE46A0 /* XCRemoteSwiftPackageReference "SnapKit" */ = {
			isa = XCRemoteSwiftPackageReference;
			repositoryURL = "https://github.com/SnapKit/SnapKit";
			requirement = {
				kind = upToNextMajorVersion;
				minimumVersion = 5.7.1;
			};
		};
		5E7903D32D510D7D00BE46A0 /* XCRemoteSwiftPackageReference "Alamofire" */ = {
			isa = XCRemoteSwiftPackageReference;
			repositoryURL = "https://github.com/Alamofire/Alamofire";
			requirement = {
				kind = upToNextMajorVersion;
				minimumVersion = 5.10.2;
			};
		};
/* End XCRemoteSwiftPackageReference section */

/* Begin XCSwiftPackageProductDependency section */
		5E7903CF2D50BF4F00BE46A0 /* SnapKit */ = {
			isa = XCSwiftPackageProductDependency;
			package = 5E7903CE2D50BF4F00BE46A0 /* XCRemoteSwiftPackageReference "SnapKit" */;
			productName = SnapKit;
		};
		5E7903D42D510D7D00BE46A0 /* Alamofire */ = {
			isa = XCSwiftPackageProductDependency;
			package = 5E7903D32D510D7D00BE46A0 /* XCRemoteSwiftPackageReference "Alamofire" */;
			productName = Alamofire;
		};
/* End XCSwiftPackageProductDependency section */
	};
	rootObject = 5E7903AD2D50B78A00BE46A0 /* Project object */;
}
